
Microsoft Visual Studio Solution File, Format Version 12.00
# Visual Studio Version 17
VisualStudioVersion = 17.7.34024.191
MinimumVisualStudioVersion = 10.0.40219.1
Project("{9A19103F-16F7-4668-BE54-9A1E7A4F7556}") = "Sys.Domain", "src\Sys.Domain\Sys.Domain.csproj", "{554AD327-6DBA-4F8F-96F8-81CE7A0C863F}"
EndProject
Project("{9A19103F-16F7-4668-BE54-9A1E7A4F7556}") = "Sys.Application", "src\Sys.Application\Sys.Application.csproj", "{1A94A50E-06DC-43C1-80B5-B662820EC3EB}"
EndProject
Project("{9A19103F-16F7-4668-BE54-9A1E7A4F7556}") = "Sys.EntityFrameworkCore", "src\Sys.EntityFrameworkCore\Sys.EntityFrameworkCore.csproj", "{C956DD76-69C8-4A9C-83EA-D17DF83340FD}"
EndProject
Project("{2150E333-8FDC-42A3-9474-1A3956D46DE8}") = "src", "src", "{CA9AC87F-097E-4F15-8393-4BC07735A5B0}"
EndProject
Project("{2150E333-8FDC-42A3-9474-1A3956D46DE8}") = "test", "test", "{04DBDB01-70F4-4E06-B468-8F87850B22BE}"
EndProject
Project("{9A19103F-16F7-4668-BE54-9A1E7A4F7556}") = "Sys.Application.Tests", "test\Sys.Application.Tests\Sys.Application.Tests.csproj", "{50B2631D-129C-47B3-A587-029CCD6099BC}"
EndProject
Project("{9A19103F-16F7-4668-BE54-9A1E7A4F7556}") = "Sys.Domain.Shared", "src\Sys.Domain.Shared\Sys.Domain.Shared.csproj", "{42F719ED-8413-4895-B5B4-5AB56079BC66}"
EndProject
Project("{9A19103F-16F7-4668-BE54-9A1E7A4F7556}") = "Sys.Application.Contracts", "src\Sys.Application.Contracts\Sys.Application.Contracts.csproj", "{520659C8-C734-4298-A3DA-B539DB9DFC0B}"
EndProject
Project("{9A19103F-16F7-4668-BE54-9A1E7A4F7556}") = "Sys.HttpApi", "src\Sys.HttpApi\Sys.HttpApi.csproj", "{4164BDF7-F527-4E85-9CE6-E3C2D7426A27}"
EndProject
Project("{9A19103F-16F7-4668-BE54-9A1E7A4F7556}") = "Sys.HttpApi.Client", "src\Sys.HttpApi.Client\Sys.HttpApi.Client.csproj", "{3B5A0094-670D-4BB1-BFDD-61B88A8773DC}"
EndProject
Project("{9A19103F-16F7-4668-BE54-9A1E7A4F7556}") = "Sys.AuthServer", "src\Sys.AuthServer\Sys.AuthServer.csproj", "{073C361E-B8F4-49F5-93CC-72A3FF49C026}"
EndProject
Project("{9A19103F-16F7-4668-BE54-9A1E7A4F7556}") = "Sys.HttpApi.Host", "src\Sys.HttpApi.Host\Sys.HttpApi.Host.csproj", "{E6D5BF0E-DE92-4D82-A352-EF04B37CB11C}"
EndProject
Project("{9A19103F-16F7-4668-BE54-9A1E7A4F7556}") = "Sys.EntityFrameworkCore.Tests", "test\Sys.EntityFrameworkCore.Tests\Sys.EntityFrameworkCore.Tests.csproj", "{1FE30EB9-74A9-47F5-A9F6-7B1FAB672D81}"
EndProject
Project("{9A19103F-16F7-4668-BE54-9A1E7A4F7556}") = "Sys.TestBase", "test\Sys.TestBase\Sys.TestBase.csproj", "{91853F21-9CD9-4132-BC29-A7D5D84FFFE7}"
EndProject
Project("{9A19103F-16F7-4668-BE54-9A1E7A4F7556}") = "Sys.Domain.Tests", "test\Sys.Domain.Tests\Sys.Domain.Tests.csproj", "{E512F4D9-9375-480F-A2F6-A46509F9D824}"
EndProject
Project("{9A19103F-16F7-4668-BE54-9A1E7A4F7556}") = "Sys.HttpApi.Client.ConsoleTestApp", "test\Sys.HttpApi.Client.ConsoleTestApp\Sys.HttpApi.Client.ConsoleTestApp.csproj", "{EF480016-9127-4916-8735-D2466BDBC582}"
EndProject
Project("{9A19103F-16F7-4668-BE54-9A1E7A4F7556}") = "Sys.DbMigrator", "src\Sys.DbMigrator\Sys.DbMigrator.csproj", "{AA94D832-1CCC-4715-95A9-A483F23A1A5D}"
EndProject
Project("{9A19103F-16F7-4668-BE54-9A1E7A4F7556}") = "Sys.Web", "src\Sys.Web\Sys.Web.csproj", "{CE43BEC7-D6E2-40A2-B9C9-1ED71A72257E}"
EndProject
Project("{2150E333-8FDC-42A3-9474-1A3956D46DE8}") = "modules", "modules", "{EEF1DD8A-FF30-492E-8D39-48E4185756B1}"
EndProject
Project("{2150E333-8FDC-42A3-9474-1A3956D46DE8}") = "EInvoice", "EInvoice", "{F19FC906-2993-489B-B42C-B467900FA94D}"
EndProject
Project("{9A19103F-16F7-4668-BE54-9A1E7A4F7556}") = "EInvoice.Application", "..\modules\EInvoice\src\EInvoice.Application\EInvoice.Application.csproj", "{5ADA3046-10D8-442D-9520-ED75BA4CD868}"
EndProject
Project("{9A19103F-16F7-4668-BE54-9A1E7A4F7556}") = "EInvoice.Application.Contracts", "..\modules\EInvoice\src\EInvoice.Application.Contracts\EInvoice.Application.Contracts.csproj", "{76305C18-E50E-4DDE-8068-657479FCF9C2}"
EndProject
Project("{9A19103F-16F7-4668-BE54-9A1E7A4F7556}") = "EInvoice.HttpApi", "..\modules\EInvoice\src\EInvoice.HttpApi\EInvoice.HttpApi.csproj", "{2688F2BC-595D-4BFD-B028-280E3C218EF2}"
EndProject
Project("{9A19103F-16F7-4668-BE54-9A1E7A4F7556}") = "EInvoice.HttpApi.Client", "..\modules\EInvoice\src\EInvoice.HttpApi.Client\EInvoice.HttpApi.Client.csproj", "{37A76E16-977B-473F-8753-562E67F8D16F}"
EndProject
Project("{9A19103F-16F7-4668-BE54-9A1E7A4F7556}") = "EInvoice.Web", "..\modules\EInvoice\src\EInvoice.Web\EInvoice.Web.csproj", "{6F0EC474-E42C-4F12-9D27-4CA48406EEB2}"
EndProject
Project("{9A19103F-16F7-4668-BE54-9A1E7A4F7556}") = "EInvoice.Domain", "..\modules\EInvoice\src\EInvoice.Domain\EInvoice.Domain.csproj", "{24FC1644-8FE3-4C34-A05F-0847DF4F1CD5}"
EndProject
Project("{9A19103F-16F7-4668-BE54-9A1E7A4F7556}") = "EInvoice.Domain.Shared", "..\modules\EInvoice\src\EInvoice.Domain.Shared\EInvoice.Domain.Shared.csproj", "{64A6029D-7912-4AC5-AF4F-F39FFC3C92AD}"
EndProject
Project("{9A19103F-16F7-4668-BE54-9A1E7A4F7556}") = "EInvoice.EntityFrameworkCore", "..\modules\EInvoice\src\EInvoice.EntityFrameworkCore\EInvoice.EntityFrameworkCore.csproj", "{31BCA7D9-936E-41C8-AEB7-C9BDC90551E4}"
EndProject
Project("{2150E333-8FDC-42A3-9474-1A3956D46DE8}") = "FileManagement", "FileManagement", "{FACE103B-E8FB-4572-BA08-C7364FE04DE9}"
EndProject
Project("{9A19103F-16F7-4668-BE54-9A1E7A4F7556}") = "EasyAbp.FileManagement.Application.Contracts", "..\modules\FileManagement\src\EasyAbp.FileManagement.Application.Contracts\EasyAbp.FileManagement.Application.Contracts.csproj", "{452E77A8-8910-450A-8630-95F2B75F06E3}"
EndProject
Project("{9A19103F-16F7-4668-BE54-9A1E7A4F7556}") = "EasyAbp.FileManagement.Domain.Shared", "..\modules\FileManagement\src\EasyAbp.FileManagement.Domain.Shared\EasyAbp.FileManagement.Domain.Shared.csproj", "{F7D9F0B6-9EF7-49CE-9CE9-44264381395E}"
EndProject
Project("{9A19103F-16F7-4668-BE54-9A1E7A4F7556}") = "EasyAbp.FileManagement.Application", "..\modules\FileManagement\src\EasyAbp.FileManagement.Application\EasyAbp.FileManagement.Application.csproj", "{36042DB4-55A7-4B58-A988-79414D0DC2D4}"
EndProject
Project("{9A19103F-16F7-4668-BE54-9A1E7A4F7556}") = "EasyAbp.FileManagement.Domain", "..\modules\FileManagement\src\EasyAbp.FileManagement.Domain\EasyAbp.FileManagement.Domain.csproj", "{AA415FC9-54F0-4D31-8BB1-387FC1FFCD2D}"
EndProject
Project("{9A19103F-16F7-4668-BE54-9A1E7A4F7556}") = "EasyAbp.FileManagement.EntityFrameworkCore", "..\modules\FileManagement\src\EasyAbp.FileManagement.EntityFrameworkCore\EasyAbp.FileManagement.EntityFrameworkCore.csproj", "{254F8304-C42C-48F8-BDD9-A7EDF2DA3A07}"
EndProject
Project("{9A19103F-16F7-4668-BE54-9A1E7A4F7556}") = "EasyAbp.FileManagement.HttpApi", "..\modules\FileManagement\src\EasyAbp.FileManagement.HttpApi\EasyAbp.FileManagement.HttpApi.csproj", "{D03EDD40-C982-4C0D-8176-5741CE71A69D}"
EndProject
Project("{9A19103F-16F7-4668-BE54-9A1E7A4F7556}") = "EasyAbp.FileManagement.HttpApi.Client", "..\modules\FileManagement\src\EasyAbp.FileManagement.HttpApi.Client\EasyAbp.FileManagement.HttpApi.Client.csproj", "{50128DC7-3EB0-42B3-B2E2-46CBD86DECFB}"
EndProject
Project("{9A19103F-16F7-4668-BE54-9A1E7A4F7556}") = "EasyAbp.FileManagement.Domain.Core", "..\modules\FileManagement\src\EasyAbp.FileManagement.Domain.Core\EasyAbp.FileManagement.Domain.Core.csproj", "{3DC667A9-B74E-4DD8-B4E2-D1A1B9A5E872}"
EndProject
Project("{9A19103F-16F7-4668-BE54-9A1E7A4F7556}") = "EasyAbp.FileManagement.Web", "..\modules\FileManagement\src\EasyAbp.FileManagement.Web\EasyAbp.FileManagement.Web.csproj", "{CD831EAE-4F0C-4897-B8D4-38E9816A0543}"
EndProject
Project("{2150E333-8FDC-42A3-9474-1A3956D46DE8}") = "TaskScheduler", "TaskScheduler", "{BC813C1B-C951-49CA-B8BE-D0F64274576F}"
EndProject
Project("{9A19103F-16F7-4668-BE54-9A1E7A4F7556}") = "TaskScheduler.Application", "..\modules\TaskScheduler\src\TaskScheduler.Application\TaskScheduler.Application.csproj", "{35035958-EE18-47FC-AD0B-728F85EF62EA}"
EndProject
Project("{9A19103F-16F7-4668-BE54-9A1E7A4F7556}") = "TaskScheduler.Application.Contracts", "..\modules\TaskScheduler\src\TaskScheduler.Application.Contracts\TaskScheduler.Application.Contracts.csproj", "{BDB95B76-388A-464F-9080-0C7A626372B9}"
EndProject
Project("{9A19103F-16F7-4668-BE54-9A1E7A4F7556}") = "TaskScheduler.Domain", "..\modules\TaskScheduler\src\TaskScheduler.Domain\TaskScheduler.Domain.csproj", "{F80E17A0-F172-409A-AB16-ACE18CC2EC20}"
EndProject
Project("{9A19103F-16F7-4668-BE54-9A1E7A4F7556}") = "TaskScheduler.Domain.Shared", "..\modules\TaskScheduler\src\TaskScheduler.Domain.Shared\TaskScheduler.Domain.Shared.csproj", "{BDD490AB-9EF9-489E-89B6-848D9682FD25}"
EndProject
Project("{9A19103F-16F7-4668-BE54-9A1E7A4F7556}") = "TaskScheduler.EntityFrameworkCore", "..\modules\TaskScheduler\src\TaskScheduler.EntityFrameworkCore\TaskScheduler.EntityFrameworkCore.csproj", "{DD53CAB3-BE1C-46C3-8031-B2401BFC074E}"
EndProject
Project("{9A19103F-16F7-4668-BE54-9A1E7A4F7556}") = "TaskScheduler.HttpApi", "..\modules\TaskScheduler\src\TaskScheduler.HttpApi\TaskScheduler.HttpApi.csproj", "{0FECF40E-1BCE-4C48-9669-34EEABFC481A}"
EndProject
Project("{9A19103F-16F7-4668-BE54-9A1E7A4F7556}") = "TaskScheduler.HttpApi.Client", "..\modules\TaskScheduler\src\TaskScheduler.HttpApi.Client\TaskScheduler.HttpApi.Client.csproj", "{00E0BD07-4E99-4AEE-8A40-C07490A16670}"
EndProject
Project("{9A19103F-16F7-4668-BE54-9A1E7A4F7556}") = "TaskScheduler.Web", "..\modules\TaskScheduler\src\TaskScheduler.Web\TaskScheduler.Web.csproj", "{E5D1539D-8E7A-41EF-B172-F939A0CCE036}"
EndProject
Global
	GlobalSection(SolutionConfigurationPlatforms) = preSolution
		Debug|Any CPU = Debug|Any CPU
		Release|Any CPU = Release|Any CPU
	EndGlobalSection
	GlobalSection(ProjectConfigurationPlatforms) = postSolution
		{554AD327-6DBA-4F8F-96F8-81CE7A0C863F}.Debug|Any CPU.ActiveCfg = Debug|Any CPU
		{554AD327-6DBA-4F8F-96F8-81CE7A0C863F}.Debug|Any CPU.Build.0 = Debug|Any CPU
		{554AD327-6DBA-4F8F-96F8-81CE7A0C863F}.Release|Any CPU.ActiveCfg = Release|Any CPU
		{554AD327-6DBA-4F8F-96F8-81CE7A0C863F}.Release|Any CPU.Build.0 = Release|Any CPU
		{1A94A50E-06DC-43C1-80B5-B662820EC3EB}.Debug|Any CPU.ActiveCfg = Debug|Any CPU
		{1A94A50E-06DC-43C1-80B5-B662820EC3EB}.Debug|Any CPU.Build.0 = Debug|Any CPU
		{1A94A50E-06DC-43C1-80B5-B662820EC3EB}.Release|Any CPU.ActiveCfg = Release|Any CPU
		{1A94A50E-06DC-43C1-80B5-B662820EC3EB}.Release|Any CPU.Build.0 = Release|Any CPU
		{C956DD76-69C8-4A9C-83EA-D17DF83340FD}.Debug|Any CPU.ActiveCfg = Debug|Any CPU
		{C956DD76-69C8-4A9C-83EA-D17DF83340FD}.Debug|Any CPU.Build.0 = Debug|Any CPU
		{C956DD76-69C8-4A9C-83EA-D17DF83340FD}.Release|Any CPU.ActiveCfg = Release|Any CPU
		{C956DD76-69C8-4A9C-83EA-D17DF83340FD}.Release|Any CPU.Build.0 = Release|Any CPU
		{50B2631D-129C-47B3-A587-029CCD6099BC}.Debug|Any CPU.ActiveCfg = Debug|Any CPU
		{50B2631D-129C-47B3-A587-029CCD6099BC}.Debug|Any CPU.Build.0 = Debug|Any CPU
		{50B2631D-129C-47B3-A587-029CCD6099BC}.Release|Any CPU.ActiveCfg = Release|Any CPU
		{50B2631D-129C-47B3-A587-029CCD6099BC}.Release|Any CPU.Build.0 = Release|Any CPU
		{42F719ED-8413-4895-B5B4-5AB56079BC66}.Debug|Any CPU.ActiveCfg = Debug|Any CPU
		{42F719ED-8413-4895-B5B4-5AB56079BC66}.Debug|Any CPU.Build.0 = Debug|Any CPU
		{42F719ED-8413-4895-B5B4-5AB56079BC66}.Release|Any CPU.ActiveCfg = Release|Any CPU
		{42F719ED-8413-4895-B5B4-5AB56079BC66}.Release|Any CPU.Build.0 = Release|Any CPU
		{520659C8-C734-4298-A3DA-B539DB9DFC0B}.Debug|Any CPU.ActiveCfg = Debug|Any CPU
		{520659C8-C734-4298-A3DA-B539DB9DFC0B}.Debug|Any CPU.Build.0 = Debug|Any CPU
		{520659C8-C734-4298-A3DA-B539DB9DFC0B}.Release|Any CPU.ActiveCfg = Release|Any CPU
		{520659C8-C734-4298-A3DA-B539DB9DFC0B}.Release|Any CPU.Build.0 = Release|Any CPU
		{4164BDF7-F527-4E85-9CE6-E3C2D7426A27}.Debug|Any CPU.ActiveCfg = Debug|Any CPU
		{4164BDF7-F527-4E85-9CE6-E3C2D7426A27}.Debug|Any CPU.Build.0 = Debug|Any CPU
		{4164BDF7-F527-4E85-9CE6-E3C2D7426A27}.Release|Any CPU.ActiveCfg = Release|Any CPU
		{4164BDF7-F527-4E85-9CE6-E3C2D7426A27}.Release|Any CPU.Build.0 = Release|Any CPU
		{3B5A0094-670D-4BB1-BFDD-61B88A8773DC}.Debug|Any CPU.ActiveCfg = Debug|Any CPU
		{3B5A0094-670D-4BB1-BFDD-61B88A8773DC}.Debug|Any CPU.Build.0 = Debug|Any CPU
		{3B5A0094-670D-4BB1-BFDD-61B88A8773DC}.Release|Any CPU.ActiveCfg = Release|Any CPU
		{3B5A0094-670D-4BB1-BFDD-61B88A8773DC}.Release|Any CPU.Build.0 = Release|Any CPU
		{073C361E-B8F4-49F5-93CC-72A3FF49C026}.Debug|Any CPU.ActiveCfg = Debug|Any CPU
		{073C361E-B8F4-49F5-93CC-72A3FF49C026}.Debug|Any CPU.Build.0 = Debug|Any CPU
		{073C361E-B8F4-49F5-93CC-72A3FF49C026}.Release|Any CPU.ActiveCfg = Release|Any CPU
		{073C361E-B8F4-49F5-93CC-72A3FF49C026}.Release|Any CPU.Build.0 = Release|Any CPU
		{E6D5BF0E-DE92-4D82-A352-EF04B37CB11C}.Debug|Any CPU.ActiveCfg = Debug|Any CPU
		{E6D5BF0E-DE92-4D82-A352-EF04B37CB11C}.Debug|Any CPU.Build.0 = Debug|Any CPU
		{E6D5BF0E-DE92-4D82-A352-EF04B37CB11C}.Release|Any CPU.ActiveCfg = Release|Any CPU
		{E6D5BF0E-DE92-4D82-A352-EF04B37CB11C}.Release|Any CPU.Build.0 = Release|Any CPU
		{1FE30EB9-74A9-47F5-A9F6-7B1FAB672D81}.Debug|Any CPU.ActiveCfg = Debug|Any CPU
		{1FE30EB9-74A9-47F5-A9F6-7B1FAB672D81}.Debug|Any CPU.Build.0 = Debug|Any CPU
		{1FE30EB9-74A9-47F5-A9F6-7B1FAB672D81}.Release|Any CPU.ActiveCfg = Release|Any CPU
		{1FE30EB9-74A9-47F5-A9F6-7B1FAB672D81}.Release|Any CPU.Build.0 = Release|Any CPU
		{91853F21-9CD9-4132-BC29-A7D5D84FFFE7}.Debug|Any CPU.ActiveCfg = Debug|Any CPU
		{91853F21-9CD9-4132-BC29-A7D5D84FFFE7}.Debug|Any CPU.Build.0 = Debug|Any CPU
		{91853F21-9CD9-4132-BC29-A7D5D84FFFE7}.Release|Any CPU.ActiveCfg = Release|Any CPU
		{91853F21-9CD9-4132-BC29-A7D5D84FFFE7}.Release|Any CPU.Build.0 = Release|Any CPU
		{E512F4D9-9375-480F-A2F6-A46509F9D824}.Debug|Any CPU.ActiveCfg = Debug|Any CPU
		{E512F4D9-9375-480F-A2F6-A46509F9D824}.Debug|Any CPU.Build.0 = Debug|Any CPU
		{E512F4D9-9375-480F-A2F6-A46509F9D824}.Release|Any CPU.ActiveCfg = Release|Any CPU
		{E512F4D9-9375-480F-A2F6-A46509F9D824}.Release|Any CPU.Build.0 = Release|Any CPU
		{EF480016-9127-4916-8735-D2466BDBC582}.Debug|Any CPU.ActiveCfg = Debug|Any CPU
		{EF480016-9127-4916-8735-D2466BDBC582}.Debug|Any CPU.Build.0 = Debug|Any CPU
		{EF480016-9127-4916-8735-D2466BDBC582}.Release|Any CPU.ActiveCfg = Release|Any CPU
		{EF480016-9127-4916-8735-D2466BDBC582}.Release|Any CPU.Build.0 = Release|Any CPU
		{AA94D832-1CCC-4715-95A9-A483F23A1A5D}.Debug|Any CPU.ActiveCfg = Debug|Any CPU
		{AA94D832-1CCC-4715-95A9-A483F23A1A5D}.Debug|Any CPU.Build.0 = Debug|Any CPU
		{AA94D832-1CCC-4715-95A9-A483F23A1A5D}.Release|Any CPU.ActiveCfg = Release|Any CPU
		{AA94D832-1CCC-4715-95A9-A483F23A1A5D}.Release|Any CPU.Build.0 = Release|Any CPU
		{CE43BEC7-D6E2-40A2-B9C9-1ED71A72257E}.Debug|Any CPU.ActiveCfg = Debug|Any CPU
		{CE43BEC7-D6E2-40A2-B9C9-1ED71A72257E}.Debug|Any CPU.Build.0 = Debug|Any CPU
		{CE43BEC7-D6E2-40A2-B9C9-1ED71A72257E}.Release|Any CPU.ActiveCfg = Release|Any CPU
		{CE43BEC7-D6E2-40A2-B9C9-1ED71A72257E}.Release|Any CPU.Build.0 = Release|Any CPU
		{5ADA3046-10D8-442D-9520-ED75BA4CD868}.Debug|Any CPU.ActiveCfg = Debug|Any CPU
		{5ADA3046-10D8-442D-9520-ED75BA4CD868}.Debug|Any CPU.Build.0 = Debug|Any CPU
		{5ADA3046-10D8-442D-9520-ED75BA4CD868}.Release|Any CPU.ActiveCfg = Release|Any CPU
		{5ADA3046-10D8-442D-9520-ED75BA4CD868}.Release|Any CPU.Build.0 = Release|Any CPU
		{76305C18-E50E-4DDE-8068-657479FCF9C2}.Debug|Any CPU.ActiveCfg = Debug|Any CPU
		{76305C18-E50E-4DDE-8068-657479FCF9C2}.Debug|Any CPU.Build.0 = Debug|Any CPU
		{76305C18-E50E-4DDE-8068-657479FCF9C2}.Release|Any CPU.ActiveCfg = Release|Any CPU
		{76305C18-E50E-4DDE-8068-657479FCF9C2}.Release|Any CPU.Build.0 = Release|Any CPU
		{2688F2BC-595D-4BFD-B028-280E3C218EF2}.Debug|Any CPU.ActiveCfg = Debug|Any CPU
		{2688F2BC-595D-4BFD-B028-280E3C218EF2}.Debug|Any CPU.Build.0 = Debug|Any CPU
		{2688F2BC-595D-4BFD-B028-280E3C218EF2}.Release|Any CPU.ActiveCfg = Release|Any CPU
		{2688F2BC-595D-4BFD-B028-280E3C218EF2}.Release|Any CPU.Build.0 = Release|Any CPU
		{37A76E16-977B-473F-8753-562E67F8D16F}.Debug|Any CPU.ActiveCfg = Debug|Any CPU
		{37A76E16-977B-473F-8753-562E67F8D16F}.Debug|Any CPU.Build.0 = Debug|Any CPU
		{37A76E16-977B-473F-8753-562E67F8D16F}.Release|Any CPU.ActiveCfg = Release|Any CPU
		{37A76E16-977B-473F-8753-562E67F8D16F}.Release|Any CPU.Build.0 = Release|Any CPU
		{6F0EC474-E42C-4F12-9D27-4CA48406EEB2}.Debug|Any CPU.ActiveCfg = Debug|Any CPU
		{6F0EC474-E42C-4F12-9D27-4CA48406EEB2}.Debug|Any CPU.Build.0 = Debug|Any CPU
		{6F0EC474-E42C-4F12-9D27-4CA48406EEB2}.Release|Any CPU.ActiveCfg = Release|Any CPU
		{6F0EC474-E42C-4F12-9D27-4CA48406EEB2}.Release|Any CPU.Build.0 = Release|Any CPU
		{24FC1644-8FE3-4C34-A05F-0847DF4F1CD5}.Debug|Any CPU.ActiveCfg = Debug|Any CPU
		{24FC1644-8FE3-4C34-A05F-0847DF4F1CD5}.Debug|Any CPU.Build.0 = Debug|Any CPU
		{24FC1644-8FE3-4C34-A05F-0847DF4F1CD5}.Release|Any CPU.ActiveCfg = Release|Any CPU
		{24FC1644-8FE3-4C34-A05F-0847DF4F1CD5}.Release|Any CPU.Build.0 = Release|Any CPU
		{64A6029D-7912-4AC5-AF4F-F39FFC3C92AD}.Debug|Any CPU.ActiveCfg = Debug|Any CPU
		{64A6029D-7912-4AC5-AF4F-F39FFC3C92AD}.Debug|Any CPU.Build.0 = Debug|Any CPU
		{64A6029D-7912-4AC5-AF4F-F39FFC3C92AD}.Release|Any CPU.ActiveCfg = Release|Any CPU
		{64A6029D-7912-4AC5-AF4F-F39FFC3C92AD}.Release|Any CPU.Build.0 = Release|Any CPU
		{31BCA7D9-936E-41C8-AEB7-C9BDC90551E4}.Debug|Any CPU.ActiveCfg = Debug|Any CPU
		{31BCA7D9-936E-41C8-AEB7-C9BDC90551E4}.Debug|Any CPU.Build.0 = Debug|Any CPU
		{31BCA7D9-936E-41C8-AEB7-C9BDC90551E4}.Release|Any CPU.ActiveCfg = Release|Any CPU
		{31BCA7D9-936E-41C8-AEB7-C9BDC90551E4}.Release|Any CPU.Build.0 = Release|Any CPU
		{452E77A8-8910-450A-8630-95F2B75F06E3}.Debug|Any CPU.ActiveCfg = Debug|Any CPU
		{452E77A8-8910-450A-8630-95F2B75F06E3}.Debug|Any CPU.Build.0 = Debug|Any CPU
		{452E77A8-8910-450A-8630-95F2B75F06E3}.Release|Any CPU.ActiveCfg = Release|Any CPU
		{452E77A8-8910-450A-8630-95F2B75F06E3}.Release|Any CPU.Build.0 = Release|Any CPU
		{F7D9F0B6-9EF7-49CE-9CE9-44264381395E}.Debug|Any CPU.ActiveCfg = Debug|Any CPU
		{F7D9F0B6-9EF7-49CE-9CE9-44264381395E}.Debug|Any CPU.Build.0 = Debug|Any CPU
		{F7D9F0B6-9EF7-49CE-9CE9-44264381395E}.Release|Any CPU.ActiveCfg = Release|Any CPU
		{F7D9F0B6-9EF7-49CE-9CE9-44264381395E}.Release|Any CPU.Build.0 = Release|Any CPU
		{36042DB4-55A7-4B58-A988-79414D0DC2D4}.Debug|Any CPU.ActiveCfg = Debug|Any CPU
		{36042DB4-55A7-4B58-A988-79414D0DC2D4}.Debug|Any CPU.Build.0 = Debug|Any CPU
		{36042DB4-55A7-4B58-A988-79414D0DC2D4}.Release|Any CPU.ActiveCfg = Release|Any CPU
		{36042DB4-55A7-4B58-A988-79414D0DC2D4}.Release|Any CPU.Build.0 = Release|Any CPU
		{AA415FC9-54F0-4D31-8BB1-387FC1FFCD2D}.Debug|Any CPU.ActiveCfg = Debug|Any CPU
		{AA415FC9-54F0-4D31-8BB1-387FC1FFCD2D}.Debug|Any CPU.Build.0 = Debug|Any CPU
		{AA415FC9-54F0-4D31-8BB1-387FC1FFCD2D}.Release|Any CPU.ActiveCfg = Release|Any CPU
		{AA415FC9-54F0-4D31-8BB1-387FC1FFCD2D}.Release|Any CPU.Build.0 = Release|Any CPU
		{254F8304-C42C-48F8-BDD9-A7EDF2DA3A07}.Debug|Any CPU.ActiveCfg = Debug|Any CPU
		{254F8304-C42C-48F8-BDD9-A7EDF2DA3A07}.Debug|Any CPU.Build.0 = Debug|Any CPU
		{254F8304-C42C-48F8-BDD9-A7EDF2DA3A07}.Release|Any CPU.ActiveCfg = Release|Any CPU
		{254F8304-C42C-48F8-BDD9-A7EDF2DA3A07}.Release|Any CPU.Build.0 = Release|Any CPU
		{D03EDD40-C982-4C0D-8176-5741CE71A69D}.Debug|Any CPU.ActiveCfg = Debug|Any CPU
		{D03EDD40-C982-4C0D-8176-5741CE71A69D}.Debug|Any CPU.Build.0 = Debug|Any CPU
		{D03EDD40-C982-4C0D-8176-5741CE71A69D}.Release|Any CPU.ActiveCfg = Release|Any CPU
		{D03EDD40-C982-4C0D-8176-5741CE71A69D}.Release|Any CPU.Build.0 = Release|Any CPU
		{50128DC7-3EB0-42B3-B2E2-46CBD86DECFB}.Debug|Any CPU.ActiveCfg = Debug|Any CPU
		{50128DC7-3EB0-42B3-B2E2-46CBD86DECFB}.Debug|Any CPU.Build.0 = Debug|Any CPU
		{50128DC7-3EB0-42B3-B2E2-46CBD86DECFB}.Release|Any CPU.ActiveCfg = Release|Any CPU
		{50128DC7-3EB0-42B3-B2E2-46CBD86DECFB}.Release|Any CPU.Build.0 = Release|Any CPU
		{3DC667A9-B74E-4DD8-B4E2-D1A1B9A5E872}.Debug|Any CPU.ActiveCfg = Debug|Any CPU
		{3DC667A9-B74E-4DD8-B4E2-D1A1B9A5E872}.Debug|Any CPU.Build.0 = Debug|Any CPU
		{3DC667A9-B74E-4DD8-B4E2-D1A1B9A5E872}.Release|Any CPU.ActiveCfg = Release|Any CPU
		{3DC667A9-B74E-4DD8-B4E2-D1A1B9A5E872}.Release|Any CPU.Build.0 = Release|Any CPU
		{CD831EAE-4F0C-4897-B8D4-38E9816A0543}.Debug|Any CPU.ActiveCfg = Debug|Any CPU
		{CD831EAE-4F0C-4897-B8D4-38E9816A0543}.Debug|Any CPU.Build.0 = Debug|Any CPU
		{CD831EAE-4F0C-4897-B8D4-38E9816A0543}.Release|Any CPU.ActiveCfg = Release|Any CPU
		{CD831EAE-4F0C-4897-B8D4-38E9816A0543}.Release|Any CPU.Build.0 = Release|Any CPU
		{35035958-EE18-47FC-AD0B-728F85EF62EA}.Debug|Any CPU.ActiveCfg = Debug|Any CPU
		{35035958-EE18-47FC-AD0B-728F85EF62EA}.Debug|Any CPU.Build.0 = Debug|Any CPU
		{35035958-EE18-47FC-AD0B-728F85EF62EA}.Release|Any CPU.ActiveCfg = Release|Any CPU
		{35035958-EE18-47FC-AD0B-728F85EF62EA}.Release|Any CPU.Build.0 = Release|Any CPU
		{BDB95B76-388A-464F-9080-0C7A626372B9}.Debug|Any CPU.ActiveCfg = Debug|Any CPU
		{BDB95B76-388A-464F-9080-0C7A626372B9}.Debug|Any CPU.Build.0 = Debug|Any CPU
		{BDB95B76-388A-464F-9080-0C7A626372B9}.Release|Any CPU.ActiveCfg = Release|Any CPU
		{BDB95B76-388A-464F-9080-0C7A626372B9}.Release|Any CPU.Build.0 = Release|Any CPU
		{F80E17A0-F172-409A-AB16-ACE18CC2EC20}.Debug|Any CPU.ActiveCfg = Debug|Any CPU
		{F80E17A0-F172-409A-AB16-ACE18CC2EC20}.Debug|Any CPU.Build.0 = Debug|Any CPU
		{F80E17A0-F172-409A-AB16-ACE18CC2EC20}.Release|Any CPU.ActiveCfg = Release|Any CPU
		{F80E17A0-F172-409A-AB16-ACE18CC2EC20}.Release|Any CPU.Build.0 = Release|Any CPU
		{BDD490AB-9EF9-489E-89B6-848D9682FD25}.Debug|Any CPU.ActiveCfg = Debug|Any CPU
		{BDD490AB-9EF9-489E-89B6-848D9682FD25}.Debug|Any CPU.Build.0 = Debug|Any CPU
		{BDD490AB-9EF9-489E-89B6-848D9682FD25}.Release|Any CPU.ActiveCfg = Release|Any CPU
		{BDD490AB-9EF9-489E-89B6-848D9682FD25}.Release|Any CPU.Build.0 = Release|Any CPU
		{DD53CAB3-BE1C-46C3-8031-B2401BFC074E}.Debug|Any CPU.ActiveCfg = Debug|Any CPU
		{DD53CAB3-BE1C-46C3-8031-B2401BFC074E}.Debug|Any CPU.Build.0 = Debug|Any CPU
		{DD53CAB3-BE1C-46C3-8031-B2401BFC074E}.Release|Any CPU.ActiveCfg = Release|Any CPU
		{DD53CAB3-BE1C-46C3-8031-B2401BFC074E}.Release|Any CPU.Build.0 = Release|Any CPU
		{0FECF40E-1BCE-4C48-9669-34EEABFC481A}.Debug|Any CPU.ActiveCfg = Debug|Any CPU
		{0FECF40E-1BCE-4C48-9669-34EEABFC481A}.Debug|Any CPU.Build.0 = Debug|Any CPU
		{0FECF40E-1BCE-4C48-9669-34EEABFC481A}.Release|Any CPU.ActiveCfg = Release|Any CPU
		{0FECF40E-1BCE-4C48-9669-34EEABFC481A}.Release|Any CPU.Build.0 = Release|Any CPU
		{00E0BD07-4E99-4AEE-8A40-C07490A16670}.Debug|Any CPU.ActiveCfg = Debug|Any CPU
		{00E0BD07-4E99-4AEE-8A40-C07490A16670}.Debug|Any CPU.Build.0 = Debug|Any CPU
		{00E0BD07-4E99-4AEE-8A40-C07490A16670}.Release|Any CPU.ActiveCfg = Release|Any CPU
		{00E0BD07-4E99-4AEE-8A40-C07490A16670}.Release|Any CPU.Build.0 = Release|Any CPU
		{E5D1539D-8E7A-41EF-B172-F939A0CCE036}.Debug|Any CPU.ActiveCfg = Debug|Any CPU
		{E5D1539D-8E7A-41EF-B172-F939A0CCE036}.Debug|Any CPU.Build.0 = Debug|Any CPU
		{E5D1539D-8E7A-41EF-B172-F939A0CCE036}.Release|Any CPU.ActiveCfg = Release|Any CPU
		{E5D1539D-8E7A-41EF-B172-F939A0CCE036}.Release|Any CPU.Build.0 = Release|Any CPU
	EndGlobalSection
	GlobalSection(SolutionProperties) = preSolution
		HideSolutionNode = FALSE
	EndGlobalSection
	GlobalSection(NestedProjects) = preSolution
		{554AD327-6DBA-4F8F-96F8-81CE7A0C863F} = {CA9AC87F-097E-4F15-8393-4BC07735A5B0}
		{1A94A50E-06DC-43C1-80B5-B662820EC3EB} = {CA9AC87F-097E-4F15-8393-4BC07735A5B0}
		{C956DD76-69C8-4A9C-83EA-D17DF83340FD} = {CA9AC87F-097E-4F15-8393-4BC07735A5B0}
		{50B2631D-129C-47B3-A587-029CCD6099BC} = {04DBDB01-70F4-4E06-B468-8F87850B22BE}
		{42F719ED-8413-4895-B5B4-5AB56079BC66} = {CA9AC87F-097E-4F15-8393-4BC07735A5B0}
		{520659C8-C734-4298-A3DA-B539DB9DFC0B} = {CA9AC87F-097E-4F15-8393-4BC07735A5B0}
		{4164BDF7-F527-4E85-9CE6-E3C2D7426A27} = {CA9AC87F-097E-4F15-8393-4BC07735A5B0}
		{3B5A0094-670D-4BB1-BFDD-61B88A8773DC} = {CA9AC87F-097E-4F15-8393-4BC07735A5B0}
		{073C361E-B8F4-49F5-93CC-72A3FF49C026} = {CA9AC87F-097E-4F15-8393-4BC07735A5B0}
		{E6D5BF0E-DE92-4D82-A352-EF04B37CB11C} = {CA9AC87F-097E-4F15-8393-4BC07735A5B0}
		{1FE30EB9-74A9-47F5-A9F6-7B1FAB672D81} = {04DBDB01-70F4-4E06-B468-8F87850B22BE}
		{91853F21-9CD9-4132-BC29-A7D5D84FFFE7} = {04DBDB01-70F4-4E06-B468-8F87850B22BE}
		{E512F4D9-9375-480F-A2F6-A46509F9D824} = {04DBDB01-70F4-4E06-B468-8F87850B22BE}
		{EF480016-9127-4916-8735-D2466BDBC582} = {04DBDB01-70F4-4E06-B468-8F87850B22BE}
		{AA94D832-1CCC-4715-95A9-A483F23A1A5D} = {CA9AC87F-097E-4F15-8393-4BC07735A5B0}
		{CE43BEC7-D6E2-40A2-B9C9-1ED71A72257E} = {CA9AC87F-097E-4F15-8393-4BC07735A5B0}
		{F19FC906-2993-489B-B42C-B467900FA94D} = {EEF1DD8A-FF30-492E-8D39-48E4185756B1}
		{5ADA3046-10D8-442D-9520-ED75BA4CD868} = {F19FC906-2993-489B-B42C-B467900FA94D}
		{76305C18-E50E-4DDE-8068-657479FCF9C2} = {F19FC906-2993-489B-B42C-B467900FA94D}
		{2688F2BC-595D-4BFD-B028-280E3C218EF2} = {F19FC906-2993-489B-B42C-B467900FA94D}
		{37A76E16-977B-473F-8753-562E67F8D16F} = {F19FC906-2993-489B-B42C-B467900FA94D}
		{6F0EC474-E42C-4F12-9D27-4CA48406EEB2} = {F19FC906-2993-489B-B42C-B467900FA94D}
		{24FC1644-8FE3-4C34-A05F-0847DF4F1CD5} = {F19FC906-2993-489B-B42C-B467900FA94D}
		{64A6029D-7912-4AC5-AF4F-F39FFC3C92AD} = {F19FC906-2993-489B-B42C-B467900FA94D}
		{31BCA7D9-936E-41C8-AEB7-C9BDC90551E4} = {F19FC906-2993-489B-B42C-B467900FA94D}
		{FACE103B-E8FB-4572-BA08-C7364FE04DE9} = {EEF1DD8A-FF30-492E-8D39-48E4185756B1}
		{452E77A8-8910-450A-8630-95F2B75F06E3} = {FACE103B-E8FB-4572-BA08-C7364FE04DE9}
		{F7D9F0B6-9EF7-49CE-9CE9-44264381395E} = {FACE103B-E8FB-4572-BA08-C7364FE04DE9}
		{36042DB4-55A7-4B58-A988-79414D0DC2D4} = {FACE103B-E8FB-4572-BA08-C7364FE04DE9}
		{AA415FC9-54F0-4D31-8BB1-387FC1FFCD2D} = {FACE103B-E8FB-4572-BA08-C7364FE04DE9}
		{254F8304-C42C-48F8-BDD9-A7EDF2DA3A07} = {FACE103B-E8FB-4572-BA08-C7364FE04DE9}
		{D03EDD40-C982-4C0D-8176-5741CE71A69D} = {FACE103B-E8FB-4572-BA08-C7364FE04DE9}
		{50128DC7-3EB0-42B3-B2E2-46CBD86DECFB} = {FACE103B-E8FB-4572-BA08-C7364FE04DE9}
		{3DC667A9-B74E-4DD8-B4E2-D1A1B9A5E872} = {FACE103B-E8FB-4572-BA08-C7364FE04DE9}
		{CD831EAE-4F0C-4897-B8D4-38E9816A0543} = {FACE103B-E8FB-4572-BA08-C7364FE04DE9}
		{BC813C1B-C951-49CA-B8BE-D0F64274576F} = {EEF1DD8A-FF30-492E-8D39-48E4185756B1}
		{35035958-EE18-47FC-AD0B-728F85EF62EA} = {BC813C1B-C951-49CA-B8BE-D0F64274576F}
		{BDB95B76-388A-464F-9080-0C7A626372B9} = {BC813C1B-C951-49CA-B8BE-D0F64274576F}
		{F80E17A0-F172-409A-AB16-ACE18CC2EC20} = {BC813C1B-C951-49CA-B8BE-D0F64274576F}
		{BDD490AB-9EF9-489E-89B6-848D9682FD25} = {BC813C1B-C951-49CA-B8BE-D0F64274576F}
		{DD53CAB3-BE1C-46C3-8031-B2401BFC074E} = {BC813C1B-C951-49CA-B8BE-D0F64274576F}
		{0FECF40E-1BCE-4C48-9669-34EEABFC481A} = {BC813C1B-C951-49CA-B8BE-D0F64274576F}
		{00E0BD07-4E99-4AEE-8A40-C07490A16670} = {BC813C1B-C951-49CA-B8BE-D0F64274576F}
		{E5D1539D-8E7A-41EF-B172-F939A0CCE036} = {BC813C1B-C951-49CA-B8BE-D0F64274576F}
	EndGlobalSection
	GlobalSection(ExtensibilityGlobals) = postSolution
		SolutionGuid = {28315BFD-90E7-4E14-A2EA-F3D23AF4126F}
	EndGlobalSection
EndGlobal
